
Microsoft Visual Studio Solution File, Format Version 12.00
# Visual Studio Version 16
VisualStudioVersion = 16.0.31205.134
MinimumVisualStudioVersion = 10.0.40219.1
Project("{FAE04EC0-301F-11D3-BF4B-00C04F79EFBC}") = "CourseWork", "CourseWork\CourseWork.csproj", "{C4BD0BC8-4418-4758-BB92-A5713D3D8953}"
EndProject
Global
	GlobalSection(SolutionConfigurationPlatforms) = preSolution
		Debug|Any CPU = Debug|Any CPU
		Release|Any CPU = Release|Any CPU
	EndGlobalSection
	GlobalSection(ProjectConfigurationPlatforms) = postSolution
		{C4BD0BC8-4418-4758-BB92-A5713D3D8953}.Debug|Any CPU.ActiveCfg = Debug|Any CPU
		{C4BD0BC8-4418-4758-BB92-A5713D3D8953}.Debug|Any CPU.Build.0 = Debug|Any CPU
		{C4BD0BC8-4418-4758-BB92-A5713D3D8953}.Release|Any CPU.ActiveCfg = Release|Any CPU
		{C4BD0BC8-4418-4758-BB92-A5713D3D8953}.Release|Any CPU.Build.0 = Release|Any CPU
	EndGlobalSection
	GlobalSection(SolutionProperties) = preSolution
		HideSolutionNode = FALSE
	EndGlobalSection
	GlobalSection(ExtensibilityGlobals) = postSolution
		SolutionGuid = {9FB508E3-4E69-42AF-819F-5B44C657F179}
	EndGlobalSection
EndGlobal
